// !$*UTF8*$!
{
	archiveVersion = 1;
	classes = {
	};
	objectVersion = 55;
	objects = {

/* Begin PBXBuildFile section */
		9C75883D26B97B2B002FCF39 /* AppDelegate.swift in Sources */ = {isa = PBXBuildFile; fileRef = 9C75883C26B97B2B002FCF39 /* AppDelegate.swift */; };
		9C75883F26B97B2B002FCF39 /* SceneDelegate.swift in Sources */ = {isa = PBXBuildFile; fileRef = 9C75883E26B97B2B002FCF39 /* SceneDelegate.swift */; };
		9C75884126B97B2B002FCF39 /* EditImageViewController.swift in Sources */ = {isa = PBXBuildFile; fileRef = 9C75884026B97B2B002FCF39 /* EditImageViewController.swift */; };
		9C75884426B97B2C002FCF39 /* Main.storyboard in Resources */ = {isa = PBXBuildFile; fileRef = 9C75884226B97B2C002FCF39 /* Main.storyboard */; };
		9C75884626B97B34002FCF39 /* Assets.xcassets in Resources */ = {isa = PBXBuildFile; fileRef = 9C75884526B97B34002FCF39 /* Assets.xcassets */; };
		9C75884926B97B35002FCF39 /* LaunchScreen.storyboard in Resources */ = {isa = PBXBuildFile; fileRef = 9C75884726B97B35002FCF39 /* LaunchScreen.storyboard */; };
		9C75887426BADC34002FCF39 /* HomeViewController.swift in Sources */ = {isa = PBXBuildFile; fileRef = 9C75887326BADC34002FCF39 /* HomeViewController.swift */; };
		9C75887A26BB7BE8002FCF39 /* CameraController.swift in Sources */ = {isa = PBXBuildFile; fileRef = 9C75887926BB7BE8002FCF39 /* CameraController.swift */; };
		9C75887C26BB7F26002FCF39 /* CameraViewController.swift in Sources */ = {isa = PBXBuildFile; fileRef = 9C75887B26BB7F26002FCF39 /* CameraViewController.swift */; };
		9C97DBA826C6E42F00F657D4 /* Ext+NSLayoutConstraint.swift in Sources */ = {isa = PBXBuildFile; fileRef = 9C97DBA726C6E42F00F657D4 /* Ext+NSLayoutConstraint.swift */; };
		9CFBB92E26BC362F00A3A5F0 /* Ext+UIViewController.swift in Sources */ = {isa = PBXBuildFile; fileRef = 9CFBB92D26BC362F00A3A5F0 /* Ext+UIViewController.swift */; };
		9CFBB93026BD309900A3A5F0 /* FilterPickerViewController.swift in Sources */ = {isa = PBXBuildFile; fileRef = 9CFBB92F26BD309900A3A5F0 /* FilterPickerViewController.swift */; };
		9CFBB93226BD30AF00A3A5F0 /* FilterViewCell.swift in Sources */ = {isa = PBXBuildFile; fileRef = 9CFBB93126BD30AF00A3A5F0 /* FilterViewCell.swift */; };
		9CFBB93426BD5AC400A3A5F0 /* PhotoManager.swift in Sources */ = {isa = PBXBuildFile; fileRef = 9CFBB93326BD5AC400A3A5F0 /* PhotoManager.swift */; };
/* End PBXBuildFile section */

/* Begin PBXFileReference section */
		9C75883926B97B2B002FCF39 /* DemoFilter.app */ = {isa = PBXFileReference; explicitFileType = wrapper.application; includeInIndex = 0; path = DemoFilter.app; sourceTree = BUILT_PRODUCTS_DIR; };
		9C75883C26B97B2B002FCF39 /* AppDelegate.swift */ = {isa = PBXFileReference; lastKnownFileType = sourcecode.swift; path = AppDelegate.swift; sourceTree = "<group>"; };
		9C75883E26B97B2B002FCF39 /* SceneDelegate.swift */ = {isa = PBXFileReference; lastKnownFileType = sourcecode.swift; path = SceneDelegate.swift; sourceTree = "<group>"; };
		9C75884026B97B2B002FCF39 /* EditImageViewController.swift */ = {isa = PBXFileReference; lastKnownFileType = sourcecode.swift; path = EditImageViewController.swift; sourceTree = "<group>"; };
		9C75884326B97B2C002FCF39 /* Base */ = {isa = PBXFileReference; lastKnownFileType = file.storyboard; name = Base; path = Base.lproj/Main.storyboard; sourceTree = "<group>"; };
		9C75884526B97B34002FCF39 /* Assets.xcassets */ = {isa = PBXFileReference; lastKnownFileType = folder.assetcatalog; path = Assets.xcassets; sourceTree = "<group>"; };
		9C75884826B97B35002FCF39 /* Base */ = {isa = PBXFileReference; lastKnownFileType = file.storyboard; name = Base; path = Base.lproj/LaunchScreen.storyboard; sourceTree = "<group>"; };
		9C75884A26B97B35002FCF39 /* Info.plist */ = {isa = PBXFileReference; lastKnownFileType = text.plist.xml; path = Info.plist; sourceTree = "<group>"; };
		9C75887326BADC34002FCF39 /* HomeViewController.swift */ = {isa = PBXFileReference; lastKnownFileType = sourcecode.swift; path = HomeViewController.swift; sourceTree = "<group>"; };
		9C75887926BB7BE8002FCF39 /* CameraController.swift */ = {isa = PBXFileReference; lastKnownFileType = sourcecode.swift; path = CameraController.swift; sourceTree = "<group>"; };
		9C75887B26BB7F26002FCF39 /* CameraViewController.swift */ = {isa = PBXFileReference; lastKnownFileType = sourcecode.swift; path = CameraViewController.swift; sourceTree = "<group>"; };
		9C97DBA726C6E42F00F657D4 /* Ext+NSLayoutConstraint.swift */ = {isa = PBXFileReference; lastKnownFileType = sourcecode.swift; path = "Ext+NSLayoutConstraint.swift"; sourceTree = "<group>"; };
		9CFBB92D26BC362F00A3A5F0 /* Ext+UIViewController.swift */ = {isa = PBXFileReference; lastKnownFileType = sourcecode.swift; path = "Ext+UIViewController.swift"; sourceTree = "<group>"; };
		9CFBB92F26BD309900A3A5F0 /* FilterPickerViewController.swift */ = {isa = PBXFileReference; lastKnownFileType = sourcecode.swift; path = FilterPickerViewController.swift; sourceTree = "<group>"; };
		9CFBB93126BD30AF00A3A5F0 /* FilterViewCell.swift */ = {isa = PBXFileReference; lastKnownFileType = sourcecode.swift; path = FilterViewCell.swift; sourceTree = "<group>"; };
		9CFBB93326BD5AC400A3A5F0 /* PhotoManager.swift */ = {isa = PBXFileReference; lastKnownFileType = sourcecode.swift; path = PhotoManager.swift; sourceTree = "<group>"; };
/* End PBXFileReference section */

/* Begin PBXFrameworksBuildPhase section */
		9C75883626B97B2B002FCF39 /* Frameworks */ = {
			isa = PBXFrameworksBuildPhase;
			buildActionMask = 2147483647;
			files = (
			);
			runOnlyForDeploymentPostprocessing = 0;
		};
/* End PBXFrameworksBuildPhase section */

/* Begin PBXGroup section */
		9C75883026B97B2B002FCF39 = {
			isa = PBXGroup;
			children = (
				9C75883B26B97B2B002FCF39 /* DemoFilter */,
				9C75883A26B97B2B002FCF39 /* Products */,
			);
			sourceTree = "<group>";
		};
		9C75883A26B97B2B002FCF39 /* Products */ = {
			isa = PBXGroup;
			children = (
				9C75883926B97B2B002FCF39 /* DemoFilter.app */,
			);
			name = Products;
			sourceTree = "<group>";
		};
		9C75883B26B97B2B002FCF39 /* DemoFilter */ = {
			isa = PBXGroup;
			children = (
				9C75883C26B97B2B002FCF39 /* AppDelegate.swift */,
				9C75883E26B97B2B002FCF39 /* SceneDelegate.swift */,
				9C75884026B97B2B002FCF39 /* EditImageViewController.swift */,
				9C75884226B97B2C002FCF39 /* Main.storyboard */,
				9C75884526B97B34002FCF39 /* Assets.xcassets */,
				9C75884726B97B35002FCF39 /* LaunchScreen.storyboard */,
				9C75884A26B97B35002FCF39 /* Info.plist */,
				9C75887326BADC34002FCF39 /* HomeViewController.swift */,
				9C75887926BB7BE8002FCF39 /* CameraController.swift */,
				9C75887B26BB7F26002FCF39 /* CameraViewController.swift */,
				9CFBB92D26BC362F00A3A5F0 /* Ext+UIViewController.swift */,
				9CFBB92F26BD309900A3A5F0 /* FilterPickerViewController.swift */,
				9CFBB93126BD30AF00A3A5F0 /* FilterViewCell.swift */,
				9CFBB93326BD5AC400A3A5F0 /* PhotoManager.swift */,
				9C97DBA726C6E42F00F657D4 /* Ext+NSLayoutConstraint.swift */,
			);
			path = DemoFilter;
			sourceTree = "<group>";
		};
/* End PBXGroup section */

/* Begin PBXNativeTarget section */
		9C75883826B97B2B002FCF39 /* DemoFilter */ = {
			isa = PBXNativeTarget;
			buildConfigurationList = 9C75884D26B97B35002FCF39 /* Build configuration list for PBXNativeTarget "DemoFilter" */;
			buildPhases = (
				9C75883526B97B2B002FCF39 /* Sources */,
				9C75883626B97B2B002FCF39 /* Frameworks */,
				9C75883726B97B2B002FCF39 /* Resources */,
			);
			buildRules = (
			);
			dependencies = (
			);
			name = DemoFilter;
			productName = DemoFilter;
			productReference = 9C75883926B97B2B002FCF39 /* DemoFilter.app */;
			productType = "com.apple.product-type.application";
		};
/* End PBXNativeTarget section */

/* Begin PBXProject section */
		9C75883126B97B2B002FCF39 /* Project object */ = {
			isa = PBXProject;
			attributes = {
				BuildIndependentTargetsInParallel = 1;
				LastSwiftUpdateCheck = 1300;
				LastUpgradeCheck = 1300;
				TargetAttributes = {
					9C75883826B97B2B002FCF39 = {
						CreatedOnToolsVersion = 13.0;
					};
				};
			};
			buildConfigurationList = 9C75883426B97B2B002FCF39 /* Build configuration list for PBXProject "DemoFilter" */;
			compatibilityVersion = "Xcode 13.0";
			developmentRegion = en;
			hasScannedForEncodings = 0;
			knownRegions = (
				en,
				Base,
			);
			mainGroup = 9C75883026B97B2B002FCF39;
			productRefGroup = 9C75883A26B97B2B002FCF39 /* Products */;
			projectDirPath = "";
			projectRoot = "";
			targets = (
				9C75883826B97B2B002FCF39 /* DemoFilter */,
			);
		};
/* End PBXProject section */

/* Begin PBXResourcesBuildPhase section */
		9C75883726B97B2B002FCF39 /* Resources */ = {
			isa = PBXResourcesBuildPhase;
			buildActionMask = 2147483647;
			files = (
				9C75884926B97B35002FCF39 /* LaunchScreen.storyboard in Resources */,
				9C75884626B97B34002FCF39 /* Assets.xcassets in Resources */,
				9C75884426B97B2C002FCF39 /* Main.storyboard in Resources */,
			);
			runOnlyForDeploymentPostprocessing = 0;
		};
/* End PBXResourcesBuildPhase section */

/* Begin PBXSourcesBuildPhase section */
		9C75883526B97B2B002FCF39 /* Sources */ = {
			isa = PBXSourcesBuildPhase;
			buildActionMask = 2147483647;
			files = (
				9C75884126B97B2B002FCF39 /* EditImageViewController.swift in Sources */,
				9C75883D26B97B2B002FCF39 /* AppDelegate.swift in Sources */,
				9C75883F26B97B2B002FCF39 /* SceneDelegate.swift in Sources */,
				9CFBB93226BD30AF00A3A5F0 /* FilterViewCell.swift in Sources */,
				9C75887426BADC34002FCF39 /* HomeViewController.swift in Sources */,
				9C97DBA826C6E42F00F657D4 /* Ext+NSLayoutConstraint.swift in Sources */,
				9CFBB93026BD309900A3A5F0 /* FilterPickerViewController.swift in Sources */,
				9CFBB92E26BC362F00A3A5F0 /* Ext+UIViewController.swift in Sources */,
				9C75887A26BB7BE8002FCF39 /* CameraController.swift in Sources */,
				9CFBB93426BD5AC400A3A5F0 /* PhotoManager.swift in Sources */,
				9C75887C26BB7F26002FCF39 /* CameraViewController.swift in Sources */,
			);
			runOnlyForDeploymentPostprocessing = 0;
		};
/* End PBXSourcesBuildPhase section */

/* Begin PBXVariantGroup section */
		9C75884226B97B2C002FCF39 /* Main.storyboard */ = {
			isa = PBXVariantGroup;
			children = (
				9C75884326B97B2C002FCF39 /* Base */,
			);
			name = Main.storyboard;
			sourceTree = "<group>";
		};
		9C75884726B97B35002FCF39 /* LaunchScreen.storyboard */ = {
			isa = PBXVariantGroup;
			children = (
				9C75884826B97B35002FCF39 /* Base */,
			);
			name = LaunchScreen.storyboard;
			sourceTree = "<group>";
		};
/* End PBXVariantGroup section */

/* Begin XCBuildConfiguration section */
		9C75884B26B97B35002FCF39 /* Debug */ = {
			isa = XCBuildConfiguration;
			buildSettings = {
				ALWAYS_SEARCH_USER_PATHS = NO;
				CLANG_ANALYZER_NONNULL = YES;
				CLANG_ANALYZER_NUMBER_OBJECT_CONVERSION = YES_AGGRESSIVE;
				CLANG_CXX_LANGUAGE_STANDARD = "gnu++17";
				CLANG_CXX_LIBRARY = "libc++";
				CLANG_ENABLE_MODULES = YES;
				CLANG_ENABLE_OBJC_ARC = YES;
				CLANG_ENABLE_OBJC_WEAK = YES;
				CLANG_WARN_BLOCK_CAPTURE_AUTORELEASING = YES;
				CLANG_WARN_BOOL_CONVERSION = YES;
				CLANG_WARN_COMMA = YES;
				CLANG_WARN_CONSTANT_CONVERSION = YES;
				CLANG_WARN_DEPRECATED_OBJC_IMPLEMENTATIONS = YES;
				CLANG_WARN_DIRECT_OBJC_ISA_USAGE = YES_ERROR;
				CLANG_WARN_DOCUMENTATION_COMMENTS = YES;
				CLANG_WARN_EMPTY_BODY = YES;
				CLANG_WARN_ENUM_CONVERSION = YES;
				CLANG_WARN_INFINITE_RECURSION = YES;
				CLANG_WARN_INT_CONVERSION = YES;
				CLANG_WARN_NON_LITERAL_NULL_CONVERSION = YES;
				CLANG_WARN_OBJC_IMPLICIT_RETAIN_SELF = YES;
				CLANG_WARN_OBJC_LITERAL_CONVERSION = YES;
				CLANG_WARN_OBJC_ROOT_CLASS = YES_ERROR;
				CLANG_WARN_QUOTED_INCLUDE_IN_FRAMEWORK_HEADER = YES;
				CLANG_WARN_RANGE_LOOP_ANALYSIS = YES;
				CLANG_WARN_STRICT_PROTOTYPES = YES;
				CLANG_WARN_SUSPICIOUS_MOVE = YES;
				CLANG_WARN_UNGUARDED_AVAILABILITY = YES_AGGRESSIVE;
				CLANG_WARN_UNREACHABLE_CODE = YES;
				CLANG_WARN__DUPLICATE_METHOD_MATCH = YES;
				COPY_PHASE_STRIP = NO;
				DEBUG_INFORMATION_FORMAT = dwarf;
				ENABLE_STRICT_OBJC_MSGSEND = YES;
				ENABLE_TESTABILITY = YES;
				GCC_C_LANGUAGE_STANDARD = gnu11;
				GCC_DYNAMIC_NO_PIC = NO;
				GCC_NO_COMMON_BLOCKS = YES;
				GCC_OPTIMIZATION_LEVEL = 0;
				GCC_PREPROCESSOR_DEFINITIONS = (
					"DEBUG=1",
					"$(inherited)",
				);
				GCC_WARN_64_TO_32_BIT_CONVERSION = YES;
				GCC_WARN_ABOUT_RETURN_TYPE = YES_ERROR;
				GCC_WARN_UNDECLARED_SELECTOR = YES;
				GCC_WARN_UNINITIALIZED_AUTOS = YES_AGGRESSIVE;
				GCC_WARN_UNUSED_FUNCTION = YES;
				GCC_WARN_UNUSED_VARIABLE = YES;
				IPHONEOS_DEPLOYMENT_TARGET = 15.0;
				MTL_ENABLE_DEBUG_INFO = INCLUDE_SOURCE;
				MTL_FAST_MATH = YES;
				ONLY_ACTIVE_ARCH = YES;
				SDKROOT = iphoneos;
				SWIFT_ACTIVE_COMPILATION_CONDITIONS = DEBUG;
				SWIFT_OPTIMIZATION_LEVEL = "-Onone";
			};
			name = Debug;
		};
		9C75884C26B97B35002FCF39 /* Release */ = {
			isa = XCBuildConfiguration;
			buildSettings = {
				ALWAYS_SEARCH_USER_PATHS = NO;
				CLANG_ANALYZER_NONNULL = YES;
				CLANG_ANALYZER_NUMBER_OBJECT_CONVERSION = YES_AGGRESSIVE;
				CLANG_CXX_LANGUAGE_STANDARD = "gnu++17";
				CLANG_CXX_LIBRARY = "libc++";
				CLANG_ENABLE_MODULES = YES;
				CLANG_ENABLE_OBJC_ARC = YES;
				CLANG_ENABLE_OBJC_WEAK = YES;
				CLANG_WARN_BLOCK_CAPTURE_AUTORELEASING = YES;
				CLANG_WARN_BOOL_CONVERSION = YES;
				CLANG_WARN_COMMA = YES;
				CLANG_WARN_CONSTANT_CONVERSION = YES;
				CLANG_WARN_DEPRECATED_OBJC_IMPLEMENTATIONS = YES;
				CLANG_WARN_DIRECT_OBJC_ISA_USAGE = YES_ERROR;
				CLANG_WARN_DOCUMENTATION_COMMENTS = YES;
				CLANG_WARN_EMPTY_BODY = YES;
				CLANG_WARN_ENUM_CONVERSION = YES;
				CLANG_WARN_INFINITE_RECURSION = YES;
				CLANG_WARN_INT_CONVERSION = YES;
				CLANG_WARN_NON_LITERAL_NULL_CONVERSION = YES;
				CLANG_WARN_OBJC_IMPLICIT_RETAIN_SELF = YES;
				CLANG_WARN_OBJC_LITERAL_CONVERSION = YES;
				CLANG_WARN_OBJC_ROOT_CLASS = YES_ERROR;
				CLANG_WARN_QUOTED_INCLUDE_IN_FRAMEWORK_HEADER = YES;
				CLANG_WARN_RANGE_LOOP_ANALYSIS = YES;
				CLANG_WARN_STRICT_PROTOTYPES = YES;
				CLANG_WARN_SUSPICIOUS_MOVE = YES;
				CLANG_WARN_UNGUARDED_AVAILABILITY = YES_AGGRESSIVE;
				CLANG_WARN_UNREACHABLE_CODE = YES;
				CLANG_WARN__DUPLICATE_METHOD_MATCH = YES;
				COPY_PHASE_STRIP = NO;
				DEBUG_INFORMATION_FORMAT = "dwarf-with-dsym";
				ENABLE_NS_ASSERTIONS = NO;
				ENABLE_STRICT_OBJC_MSGSEND = YES;
				GCC_C_LANGUAGE_STANDARD = gnu11;
				GCC_NO_COMMON_BLOCKS = YES;
				GCC_WARN_64_TO_32_BIT_CONVERSION = YES;
				GCC_WARN_ABOUT_RETURN_TYPE = YES_ERROR;
				GCC_WARN_UNDECLARED_SELECTOR = YES;
				GCC_WARN_UNINITIALIZED_AUTOS = YES_AGGRESSIVE;
				GCC_WARN_UNUSED_FUNCTION = YES;
				GCC_WARN_UNUSED_VARIABLE = YES;
				IPHONEOS_DEPLOYMENT_TARGET = 15.0;
				MTL_ENABLE_DEBUG_INFO = NO;
				MTL_FAST_MATH = YES;
				SDKROOT = iphoneos;
				SWIFT_COMPILATION_MODE = wholemodule;
				SWIFT_OPTIMIZATION_LEVEL = "-O";
				VALIDATE_PRODUCT = YES;
			};
			name = Release;
		};
		9C75884E26B97B35002FCF39 /* Debug */ = {
			isa = XCBuildConfiguration;
			buildSettings = {
				ASSETCATALOG_COMPILER_APPICON_NAME = AppIcon;
				ASSETCATALOG_COMPILER_GLOBAL_ACCENT_COLOR_NAME = AccentColor;
				CODE_SIGN_STYLE = Automatic;
				CURRENT_PROJECT_VERSION = 1;
				DEVELOPMENT_TEAM = 5K2D8EVZ5V;
				GENERATE_INFOPLIST_FILE = YES;
				INFOPLIST_FILE = DemoFilter/Info.plist;
				INFOPLIST_KEY_NSCameraUsageDescription = "讓您可編輯及發佈相機照片";
				INFOPLIST_KEY_UIApplicationSupportsIndirectInputEvents = YES;
				INFOPLIST_KEY_UILaunchStoryboardName = LaunchScreen;
				INFOPLIST_KEY_UIMainStoryboardFile = Main;
				INFOPLIST_KEY_UISupportedInterfaceOrientations_iPad = "UIInterfaceOrientationPortrait UIInterfaceOrientationPortraitUpsideDown UIInterfaceOrientationLandscapeLeft UIInterfaceOrientationLandscapeRight";
				INFOPLIST_KEY_UISupportedInterfaceOrientations_iPhone = "UIInterfaceOrientationPortrait UIInterfaceOrientationLandscapeLeft UIInterfaceOrientationLandscapeRight";
				IPHONEOS_DEPLOYMENT_TARGET = 14.0;
				LD_RUNPATH_SEARCH_PATHS = (
					"$(inherited)",
					"@executable_path/Frameworks",
				);
				MARKETING_VERSION = 1.0;
				PRODUCT_BUNDLE_IDENTIFIER = com.paullien.DemoFilter;
				PRODUCT_NAME = "$(TARGET_NAME)";
				SWIFT_EMIT_LOC_STRINGS = YES;
				SWIFT_VERSION = 5.0;
				TARGETED_DEVICE_FAMILY = "1,2";
			};
			name = Debug;
		};
		9C75884F26B97B35002FCF39 /* Release */ = {
			isa = XCBuildConfiguration;
			buildSettings = {
				ASSETCATALOG_COMPILER_APPICON_NAME = AppIcon;
				ASSETCATALOG_COMPILER_GLOBAL_ACCENT_COLOR_NAME = AccentColor;
				CODE_SIGN_STYLE = Automatic;
				CURRENT_PROJECT_VERSION = 1;
				DEVELOPMENT_TEAM = 5K2D8EVZ5V;
				GENERATE_INFOPLIST_FILE = YES;
				INFOPLIST_FILE = DemoFilter/Info.plist;
				INFOPLIST_KEY_NSCameraUsageDescription = "讓您可編輯及發佈相機照片";
				INFOPLIST_KEY_UIApplicationSupportsIndirectInputEvents = YES;
				INFOPLIST_KEY_UILaunchStoryboardName = LaunchScreen;
				INFOPLIST_KEY_UIMainStoryboardFile = Main;
				INFOPLIST_KEY_UISupportedInterfaceOrientations_iPad = "UIInterfaceOrientationPortrait UIInterfaceOrientationPortraitUpsideDown UIInterfaceOrientationLandscapeLeft UIInterfaceOrientationLandscapeRight";
				INFOPLIST_KEY_UISupportedInterfaceOrientations_iPhone = "UIInterfaceOrientationPortrait UIInterfaceOrientationLandscapeLeft UIInterfaceOrientationLandscapeRight";
				IPHONEOS_DEPLOYMENT_TARGET = 14.0;
				LD_RUNPATH_SEARCH_PATHS = (
					"$(inherited)",
					"@executable_path/Frameworks",
				);
				MARKETING_VERSION = 1.0;
				PRODUCT_BUNDLE_IDENTIFIER = com.paullien.DemoFilter;
				PRODUCT_NAME = "$(TARGET_NAME)";
				SWIFT_EMIT_LOC_STRINGS = YES;
				SWIFT_VERSION = 5.0;
				TARGETED_DEVICE_FAMILY = "1,2";
			};
			name = Release;
		};
/* End XCBuildConfiguration section */

/* Begin XCConfigurationList section */
		9C75883426B97B2B002FCF39 /* Build configuration list for PBXProject "DemoFilter" */ = {
			isa = XCConfigurationList;
			buildConfigurations = (
				9C75884B26B97B35002FCF39 /* Debug */,
				9C75884C26B97B35002FCF39 /* Release */,
			);
			defaultConfigurationIsVisible = 0;
			defaultConfigurationName = Release;
		};
		9C75884D26B97B35002FCF39 /* Build configuration list for PBXNativeTarget "DemoFilter" */ = {
			isa = XCConfigurationList;
			buildConfigurations = (
				9C75884E26B97B35002FCF39 /* Debug */,
				9C75884F26B97B35002FCF39 /* Release */,
			);
			defaultConfigurationIsVisible = 0;
			defaultConfigurationName = Release;
		};
/* End XCConfigurationList section */
	};
	rootObject = 9C75883126B97B2B002FCF39 /* Project object */;
}
